
Microsoft Visual Studio Solution File, Format Version 12.00
# Visual Studio 2013
VisualStudioVersion = 12.0.31101.0
MinimumVisualStudioVersion = 10.0.40219.1
Project("{8BC9CEB8-8B4A-11D0-8D11-00A0C91BC942}") = "ConsoleApplication4", "ConsoleApplication4\ConsoleApplication4.vcxproj", "{A2691FC8-DDF4-4310-BD0C-6C6EE9911588}"
EndProject
Project("{8BC9CEB8-8B4A-11D0-8D11-00A0C91BC942}") = "ConsoleApplication1", "ConsoleApplication1\ConsoleApplication1.vcxproj", "{2C03EFC0-7239-4646-A4B9-AD3EA1FB4BDA}"
EndProject
Global
	GlobalSection(SolutionConfigurationPlatforms) = preSolution
		Debug|Win32 = Debug|Win32
		Release|Win32 = Release|Win32
	EndGlobalSection
	GlobalSection(ProjectConfigurationPlatforms) = postSolution
		{A2691FC8-DDF4-4310-BD0C-6C6EE9911588}.Debug|Win32.ActiveCfg = Debug|Win32
		{A2691FC8-DDF4-4310-BD0C-6C6EE9911588}.Debug|Win32.Build.0 = Debug|Win32
		{A2691FC8-DDF4-4310-BD0C-6C6EE9911588}.Release|Win32.ActiveCfg = Release|Win32
		{A2691FC8-DDF4-4310-BD0C-6C6EE9911588}.Release|Win32.Build.0 = Release|Win32
		{2C03EFC0-7239-4646-A4B9-AD3EA1FB4BDA}.Debug|Win32.ActiveCfg = Debug|Win32
		{2C03EFC0-7239-4646-A4B9-AD3EA1FB4BDA}.Debug|Win32.Build.0 = Debug|Win32
		{2C03EFC0-7239-4646-A4B9-AD3EA1FB4BDA}.Release|Win32.ActiveCfg = Release|Win32
		{2C03EFC0-7239-4646-A4B9-AD3EA1FB4BDA}.Release|Win32.Build.0 = Release|Win32
	EndGlobalSection
	GlobalSection(SolutionProperties) = preSolution
		HideSolutionNode = FALSE
	EndGlobalSection
EndGlobal
